
Microsoft Visual Studio Solution File, Format Version 12.00
Project("{FAE04EC0-301F-11D3-BF4B-00C04F79EFBC}") = "RNN", "RNN\RNN.csproj", "{C749B3A8-E826-4496-B064-28242C00750D}"
EndProject
Global
	GlobalSection(SolutionConfigurationPlatforms) = preSolution
		Debug|Any CPU = Debug|Any CPU
		Release|Any CPU = Release|Any CPU
	EndGlobalSection
	GlobalSection(ProjectConfigurationPlatforms) = postSolution
		{C749B3A8-E826-4496-B064-28242C00750D}.Debug|Any CPU.ActiveCfg = Debug|Any CPU
		{C749B3A8-E826-4496-B064-28242C00750D}.Debug|Any CPU.Build.0 = Debug|Any CPU
		{C749B3A8-E826-4496-B064-28242C00750D}.Release|Any CPU.ActiveCfg = Release|Any CPU
		{C749B3A8-E826-4496-B064-28242C00750D}.Release|Any CPU.Build.0 = Release|Any CPU
	EndGlobalSection
EndGlobal
