
Microsoft Visual Studio Solution File, Format Version 12.00
Project("{FAE04EC0-301F-11D3-BF4B-00C04F79EFBC}") = "GAN", "GAN\GAN.csproj", "{D1B06A74-B771-4F27-AF8C-030D35A2AB03}"
EndProject
Project("{FAE04EC0-301F-11D3-BF4B-00C04F79EFBC}") = "NN", "NN\NN.csproj", "{2DC95112-766B-4617-B58B-C04D76E12F4B}"
EndProject
Global
	GlobalSection(SolutionConfigurationPlatforms) = preSolution
		Debug|Any CPU = Debug|Any CPU
		Release|Any CPU = Release|Any CPU
	EndGlobalSection
	GlobalSection(ProjectConfigurationPlatforms) = postSolution
		{D1B06A74-B771-4F27-AF8C-030D35A2AB03}.Debug|Any CPU.ActiveCfg = Debug|Any CPU
		{D1B06A74-B771-4F27-AF8C-030D35A2AB03}.Debug|Any CPU.Build.0 = Debug|Any CPU
		{D1B06A74-B771-4F27-AF8C-030D35A2AB03}.Release|Any CPU.ActiveCfg = Release|Any CPU
		{D1B06A74-B771-4F27-AF8C-030D35A2AB03}.Release|Any CPU.Build.0 = Release|Any CPU
		{2DC95112-766B-4617-B58B-C04D76E12F4B}.Debug|Any CPU.ActiveCfg = Debug|Any CPU
		{2DC95112-766B-4617-B58B-C04D76E12F4B}.Debug|Any CPU.Build.0 = Debug|Any CPU
		{2DC95112-766B-4617-B58B-C04D76E12F4B}.Release|Any CPU.ActiveCfg = Release|Any CPU
		{2DC95112-766B-4617-B58B-C04D76E12F4B}.Release|Any CPU.Build.0 = Release|Any CPU
	EndGlobalSection
EndGlobal
